// !$*UTF8*$!
{
	archiveVersion = 1;
	classes = {
	};
	objectVersion = 46;
	objects = {

/* Begin PBXBuildFile section */
		6E21C31A1C13350300133981 /* AppDelegate.swift in Sources */ = {isa = PBXBuildFile; fileRef = 6E21C3191C13350300133981 /* AppDelegate.swift */; };
		6E21C31C1C13350300133981 /* ViewController.swift in Sources */ = {isa = PBXBuildFile; fileRef = 6E21C31B1C13350300133981 /* ViewController.swift */; };
		6E21C31F1C13350300133981 /* Main.storyboard in Resources */ = {isa = PBXBuildFile; fileRef = 6E21C31D1C13350300133981 /* Main.storyboard */; };
		6E21C3211C13350300133981 /* Assets.xcassets in Resources */ = {isa = PBXBuildFile; fileRef = 6E21C3201C13350300133981 /* Assets.xcassets */; };
		6E21C3241C13350300133981 /* LaunchScreen.storyboard in Resources */ = {isa = PBXBuildFile; fileRef = 6E21C3221C13350300133981 /* LaunchScreen.storyboard */; };
		6E21C32F1C13350300133981 /* Disrupt_Sky_TVTests.swift in Sources */ = {isa = PBXBuildFile; fileRef = 6E21C32E1C13350300133981 /* Disrupt_Sky_TVTests.swift */; };
		6E21C33A1C13350400133981 /* Disrupt_Sky_TVUITests.swift in Sources */ = {isa = PBXBuildFile; fileRef = 6E21C3391C13350400133981 /* Disrupt_Sky_TVUITests.swift */; };
		6E8471501C133EC900099D29 /* Media.swift in Sources */ = {isa = PBXBuildFile; fileRef = 6E84714F1C133EC900099D29 /* Media.swift */; };
		6E8471521C133EE600099D29 /* Film.swift in Sources */ = {isa = PBXBuildFile; fileRef = 6E8471511C133EE600099D29 /* Film.swift */; };
		6E8471541C133F0200099D29 /* TVShow.swift in Sources */ = {isa = PBXBuildFile; fileRef = 6E8471531C133F0200099D29 /* TVShow.swift */; };
		6E84715E1C13A80B00099D29 /* FaceImageView.m in Sources */ = {isa = PBXBuildFile; fileRef = 6E84715D1C13A80B00099D29 /* FaceImageView.m */; };
		6E8471621C13B94000099D29 /* video.mp4 in Resources */ = {isa = PBXBuildFile; fileRef = 6E84715F1C13B82100099D29 /* video.mp4 */; };
		A70F2D381C134FEB0009EDF4 /* HomeViewController.swift in Sources */ = {isa = PBXBuildFile; fileRef = A70F2D371C134FEB0009EDF4 /* HomeViewController.swift */; };
		A70F2D3A1C1352850009EDF4 /* DataManager.swift in Sources */ = {isa = PBXBuildFile; fileRef = A70F2D391C1352850009EDF4 /* DataManager.swift */; };
		A76E94AA1C13753000D4E73B /* ResumeCell.swift in Sources */ = {isa = PBXBuildFile; fileRef = A76E94A91C13753000D4E73B /* ResumeCell.swift */; };
		A76E94AC1C13753700D4E73B /* ContentCell.swift in Sources */ = {isa = PBXBuildFile; fileRef = A76E94AB1C13753700D4E73B /* ContentCell.swift */; };
/* End PBXBuildFile section */

/* Begin PBXContainerItemProxy section */
		6E21C32B1C13350300133981 /* PBXContainerItemProxy */ = {
			isa = PBXContainerItemProxy;
			containerPortal = 6E21C30E1C13350300133981 /* Project object */;
			proxyType = 1;
			remoteGlobalIDString = 6E21C3151C13350300133981;
			remoteInfo = "Disrupt Sky TV";
		};
		6E21C3361C13350400133981 /* PBXContainerItemProxy */ = {
			isa = PBXContainerItemProxy;
			containerPortal = 6E21C30E1C13350300133981 /* Project object */;
			proxyType = 1;
			remoteGlobalIDString = 6E21C3151C13350300133981;
			remoteInfo = "Disrupt Sky TV";
		};
/* End PBXContainerItemProxy section */

/* Begin PBXFileReference section */
		6E21C3161C13350300133981 /* Disrupt Sky TV.app */ = {isa = PBXFileReference; explicitFileType = wrapper.application; includeInIndex = 0; path = "Disrupt Sky TV.app"; sourceTree = BUILT_PRODUCTS_DIR; };
		6E21C3191C13350300133981 /* AppDelegate.swift */ = {isa = PBXFileReference; lastKnownFileType = sourcecode.swift; path = AppDelegate.swift; sourceTree = "<group>"; };
		6E21C31B1C13350300133981 /* ViewController.swift */ = {isa = PBXFileReference; lastKnownFileType = sourcecode.swift; path = ViewController.swift; sourceTree = "<group>"; };
		6E21C31E1C13350300133981 /* Base */ = {isa = PBXFileReference; lastKnownFileType = file.storyboard; name = Base; path = Base.lproj/Main.storyboard; sourceTree = "<group>"; };
		6E21C3201C13350300133981 /* Assets.xcassets */ = {isa = PBXFileReference; lastKnownFileType = folder.assetcatalog; path = Assets.xcassets; sourceTree = "<group>"; };
		6E21C3231C13350300133981 /* Base */ = {isa = PBXFileReference; lastKnownFileType = file.storyboard; name = Base; path = Base.lproj/LaunchScreen.storyboard; sourceTree = "<group>"; };
		6E21C3251C13350300133981 /* Info.plist */ = {isa = PBXFileReference; lastKnownFileType = text.plist.xml; path = Info.plist; sourceTree = "<group>"; };
		6E21C32A1C13350300133981 /* Disrupt Sky TVTests.xctest */ = {isa = PBXFileReference; explicitFileType = wrapper.cfbundle; includeInIndex = 0; path = "Disrupt Sky TVTests.xctest"; sourceTree = BUILT_PRODUCTS_DIR; };
		6E21C32E1C13350300133981 /* Disrupt_Sky_TVTests.swift */ = {isa = PBXFileReference; lastKnownFileType = sourcecode.swift; path = Disrupt_Sky_TVTests.swift; sourceTree = "<group>"; };
		6E21C3301C13350300133981 /* Info.plist */ = {isa = PBXFileReference; lastKnownFileType = text.plist.xml; path = Info.plist; sourceTree = "<group>"; };
		6E21C3351C13350400133981 /* Disrupt Sky TVUITests.xctest */ = {isa = PBXFileReference; explicitFileType = wrapper.cfbundle; includeInIndex = 0; path = "Disrupt Sky TVUITests.xctest"; sourceTree = BUILT_PRODUCTS_DIR; };
		6E21C3391C13350400133981 /* Disrupt_Sky_TVUITests.swift */ = {isa = PBXFileReference; lastKnownFileType = sourcecode.swift; path = Disrupt_Sky_TVUITests.swift; sourceTree = "<group>"; };
		6E21C33B1C13350400133981 /* Info.plist */ = {isa = PBXFileReference; lastKnownFileType = text.plist.xml; path = Info.plist; sourceTree = "<group>"; };
		6E84714F1C133EC900099D29 /* Media.swift */ = {isa = PBXFileReference; fileEncoding = 4; lastKnownFileType = sourcecode.swift; path = Media.swift; sourceTree = "<group>"; };
		6E8471511C133EE600099D29 /* Film.swift */ = {isa = PBXFileReference; fileEncoding = 4; lastKnownFileType = sourcecode.swift; path = Film.swift; sourceTree = "<group>"; };
		6E8471531C133F0200099D29 /* TVShow.swift */ = {isa = PBXFileReference; fileEncoding = 4; lastKnownFileType = sourcecode.swift; path = TVShow.swift; sourceTree = "<group>"; };
		6E84715B1C13A80A00099D29 /* Disrupt Sky TV-Bridging-Header.h */ = {isa = PBXFileReference; lastKnownFileType = sourcecode.c.h; path = "Disrupt Sky TV-Bridging-Header.h"; sourceTree = "<group>"; };
		6E84715C1C13A80B00099D29 /* FaceImageView.h */ = {isa = PBXFileReference; fileEncoding = 4; lastKnownFileType = sourcecode.c.h; path = FaceImageView.h; sourceTree = "<group>"; };
		6E84715D1C13A80B00099D29 /* FaceImageView.m */ = {isa = PBXFileReference; fileEncoding = 4; lastKnownFileType = sourcecode.c.objc; path = FaceImageView.m; sourceTree = "<group>"; };
		6E84715F1C13B82100099D29 /* video.mp4 */ = {isa = PBXFileReference; lastKnownFileType = file; name = video.mp4; path = "Disrupt Sky TV/video.mp4"; sourceTree = "<group>"; };
		A70F2D371C134FEB0009EDF4 /* HomeViewController.swift */ = {isa = PBXFileReference; fileEncoding = 4; lastKnownFileType = sourcecode.swift; path = HomeViewController.swift; sourceTree = "<group>"; };
		A70F2D391C1352850009EDF4 /* DataManager.swift */ = {isa = PBXFileReference; fileEncoding = 4; lastKnownFileType = sourcecode.swift; path = DataManager.swift; sourceTree = "<group>"; };
		A76E94A91C13753000D4E73B /* ResumeCell.swift */ = {isa = PBXFileReference; fileEncoding = 4; lastKnownFileType = sourcecode.swift; path = ResumeCell.swift; sourceTree = "<group>"; };
		A76E94AB1C13753700D4E73B /* ContentCell.swift */ = {isa = PBXFileReference; fileEncoding = 4; lastKnownFileType = sourcecode.swift; path = ContentCell.swift; sourceTree = "<group>"; };
/* End PBXFileReference section */

/* Begin PBXFrameworksBuildPhase section */
		6E21C3131C13350300133981 /* Frameworks */ = {
			isa = PBXFrameworksBuildPhase;
			buildActionMask = 2147483647;
			files = (
			);
			runOnlyForDeploymentPostprocessing = 0;
		};
		6E21C3271C13350300133981 /* Frameworks */ = {
			isa = PBXFrameworksBuildPhase;
			buildActionMask = 2147483647;
			files = (
			);
			runOnlyForDeploymentPostprocessing = 0;
		};
		6E21C3321C13350300133981 /* Frameworks */ = {
			isa = PBXFrameworksBuildPhase;
			buildActionMask = 2147483647;
			files = (
			);
			runOnlyForDeploymentPostprocessing = 0;
		};
/* End PBXFrameworksBuildPhase section */

/* Begin PBXGroup section */
		6E21C30D1C13350300133981 = {
			isa = PBXGroup;
			children = (
				6E84715F1C13B82100099D29 /* video.mp4 */,
				6E84715C1C13A80B00099D29 /* FaceImageView.h */,
				6E84715D1C13A80B00099D29 /* FaceImageView.m */,
				6E21C3181C13350300133981 /* Disrupt Sky TV */,
				6E21C32D1C13350300133981 /* Disrupt Sky TVTests */,
				6E21C3381C13350400133981 /* Disrupt Sky TVUITests */,
				6E21C3171C13350300133981 /* Products */,
				6E84715B1C13A80A00099D29 /* Disrupt Sky TV-Bridging-Header.h */,
			);
			sourceTree = "<group>";
		};
		6E21C3171C13350300133981 /* Products */ = {
			isa = PBXGroup;
			children = (
				6E21C3161C13350300133981 /* Disrupt Sky TV.app */,
				6E21C32A1C13350300133981 /* Disrupt Sky TVTests.xctest */,
				6E21C3351C13350400133981 /* Disrupt Sky TVUITests.xctest */,
			);
			name = Products;
			sourceTree = "<group>";
		};
		6E21C3181C13350300133981 /* Disrupt Sky TV */ = {
			isa = PBXGroup;
			children = (
				6E21C3191C13350300133981 /* AppDelegate.swift */,
				A70F2D391C1352850009EDF4 /* DataManager.swift */,
				6E8471561C133F2100099D29 /* Controllers */,
				6E8471551C133F0F00099D29 /* Object Classes */,
				6E21C31D1C13350300133981 /* Main.storyboard */,
				A70F2D371C134FEB0009EDF4 /* HomeViewController.swift */,
				A76E94AB1C13753700D4E73B /* ContentCell.swift */,
				A76E94A91C13753000D4E73B /* ResumeCell.swift */,
				6E21C3201C13350300133981 /* Assets.xcassets */,
				6E21C3221C13350300133981 /* LaunchScreen.storyboard */,
				6E21C3251C13350300133981 /* Info.plist */,
			);
			path = "Disrupt Sky TV";
			sourceTree = "<group>";
		};
		6E21C32D1C13350300133981 /* Disrupt Sky TVTests */ = {
			isa = PBXGroup;
			children = (
				6E21C32E1C13350300133981 /* Disrupt_Sky_TVTests.swift */,
				6E21C3301C13350300133981 /* Info.plist */,
			);
			path = "Disrupt Sky TVTests";
			sourceTree = "<group>";
		};
		6E21C3381C13350400133981 /* Disrupt Sky TVUITests */ = {
			isa = PBXGroup;
			children = (
				6E21C3391C13350400133981 /* Disrupt_Sky_TVUITests.swift */,
				6E21C33B1C13350400133981 /* Info.plist */,
			);
			path = "Disrupt Sky TVUITests";
			sourceTree = "<group>";
		};
		6E8471551C133F0F00099D29 /* Object Classes */ = {
			isa = PBXGroup;
			children = (
				6E8471531C133F0200099D29 /* TVShow.swift */,
				6E84714F1C133EC900099D29 /* Media.swift */,
				6E8471511C133EE600099D29 /* Film.swift */,
			);
			name = "Object Classes";
			sourceTree = "<group>";
		};
		6E8471561C133F2100099D29 /* Controllers */ = {
			isa = PBXGroup;
			children = (
				6E21C31B1C13350300133981 /* ViewController.swift */,
			);
			name = Controllers;
			sourceTree = "<group>";
		};
/* End PBXGroup section */

/* Begin PBXNativeTarget section */
		6E21C3151C13350300133981 /* Disrupt Sky TV */ = {
			isa = PBXNativeTarget;
			buildConfigurationList = 6E21C33E1C13350400133981 /* Build configuration list for PBXNativeTarget "Disrupt Sky TV" */;
			buildPhases = (
				6E21C3121C13350300133981 /* Sources */,
				6E21C3131C13350300133981 /* Frameworks */,
				6E21C3141C13350300133981 /* Resources */,
			);
			buildRules = (
			);
			dependencies = (
			);
			name = "Disrupt Sky TV";
			productName = "Disrupt Sky TV";
			productReference = 6E21C3161C13350300133981 /* Disrupt Sky TV.app */;
			productType = "com.apple.product-type.application";
		};
		6E21C3291C13350300133981 /* Disrupt Sky TVTests */ = {
			isa = PBXNativeTarget;
			buildConfigurationList = 6E21C3411C13350400133981 /* Build configuration list for PBXNativeTarget "Disrupt Sky TVTests" */;
			buildPhases = (
				6E21C3261C13350300133981 /* Sources */,
				6E21C3271C13350300133981 /* Frameworks */,
				6E21C3281C13350300133981 /* Resources */,
			);
			buildRules = (
			);
			dependencies = (
				6E21C32C1C13350300133981 /* PBXTargetDependency */,
			);
			name = "Disrupt Sky TVTests";
			productName = "Disrupt Sky TVTests";
			productReference = 6E21C32A1C13350300133981 /* Disrupt Sky TVTests.xctest */;
			productType = "com.apple.product-type.bundle.unit-test";
		};
		6E21C3341C13350300133981 /* Disrupt Sky TVUITests */ = {
			isa = PBXNativeTarget;
			buildConfigurationList = 6E21C3441C13350400133981 /* Build configuration list for PBXNativeTarget "Disrupt Sky TVUITests" */;
			buildPhases = (
				6E21C3311C13350300133981 /* Sources */,
				6E21C3321C13350300133981 /* Frameworks */,
				6E21C3331C13350300133981 /* Resources */,
			);
			buildRules = (
			);
			dependencies = (
				6E21C3371C13350400133981 /* PBXTargetDependency */,
			);
			name = "Disrupt Sky TVUITests";
			productName = "Disrupt Sky TVUITests";
			productReference = 6E21C3351C13350400133981 /* Disrupt Sky TVUITests.xctest */;
			productType = "com.apple.product-type.bundle.ui-testing";
		};
/* End PBXNativeTarget section */

/* Begin PBXProject section */
		6E21C30E1C13350300133981 /* Project object */ = {
			isa = PBXProject;
			attributes = {
				LastSwiftUpdateCheck = 0710;
				LastUpgradeCheck = 0710;
				ORGANIZATIONNAME = "Andrew Walker";
				TargetAttributes = {
					6E21C3151C13350300133981 = {
						CreatedOnToolsVersion = 7.1.1;
					};
					6E21C3291C13350300133981 = {
						CreatedOnToolsVersion = 7.1.1;
						TestTargetID = 6E21C3151C13350300133981;
					};
					6E21C3341C13350300133981 = {
						CreatedOnToolsVersion = 7.1.1;
						TestTargetID = 6E21C3151C13350300133981;
					};
				};
			};
			buildConfigurationList = 6E21C3111C13350300133981 /* Build configuration list for PBXProject "Disrupt Sky TV" */;
			compatibilityVersion = "Xcode 3.2";
			developmentRegion = English;
			hasScannedForEncodings = 0;
			knownRegions = (
				en,
				Base,
			);
			mainGroup = 6E21C30D1C13350300133981;
			productRefGroup = 6E21C3171C13350300133981 /* Products */;
			projectDirPath = "";
			projectRoot = "";
			targets = (
				6E21C3151C13350300133981 /* Disrupt Sky TV */,
				6E21C3291C13350300133981 /* Disrupt Sky TVTests */,
				6E21C3341C13350300133981 /* Disrupt Sky TVUITests */,
			);
		};
/* End PBXProject section */

/* Begin PBXResourcesBuildPhase section */
		6E21C3141C13350300133981 /* Resources */ = {
			isa = PBXResourcesBuildPhase;
			buildActionMask = 2147483647;
			files = (
				6E8471621C13B94000099D29 /* video.mp4 in Resources */,
				6E21C3241C13350300133981 /* LaunchScreen.storyboard in Resources */,
				6E21C3211C13350300133981 /* Assets.xcassets in Resources */,
				6E21C31F1C13350300133981 /* Main.storyboard in Resources */,
			);
			runOnlyForDeploymentPostprocessing = 0;
		};
		6E21C3281C13350300133981 /* Resources */ = {
			isa = PBXResourcesBuildPhase;
			buildActionMask = 2147483647;
			files = (
			);
			runOnlyForDeploymentPostprocessing = 0;
		};
		6E21C3331C13350300133981 /* Resources */ = {
			isa = PBXResourcesBuildPhase;
			buildActionMask = 2147483647;
			files = (
			);
			runOnlyForDeploymentPostprocessing = 0;
		};
/* End PBXResourcesBuildPhase section */

/* Begin PBXSourcesBuildPhase section */
		6E21C3121C13350300133981 /* Sources */ = {
			isa = PBXSourcesBuildPhase;
			buildActionMask = 2147483647;
			files = (
				6E21C31C1C13350300133981 /* ViewController.swift in Sources */,
				6E84715E1C13A80B00099D29 /* FaceImageView.m in Sources */,
				6E8471521C133EE600099D29 /* Film.swift in Sources */,
				6E21C31A1C13350300133981 /* AppDelegate.swift in Sources */,
				A76E94AC1C13753700D4E73B /* ContentCell.swift in Sources */,
				A70F2D3A1C1352850009EDF4 /* DataManager.swift in Sources */,
				A76E94AA1C13753000D4E73B /* ResumeCell.swift in Sources */,
				6E8471541C133F0200099D29 /* TVShow.swift in Sources */,
				6E8471501C133EC900099D29 /* Media.swift in Sources */,
				A70F2D381C134FEB0009EDF4 /* HomeViewController.swift in Sources */,
			);
			runOnlyForDeploymentPostprocessing = 0;
		};
		6E21C3261C13350300133981 /* Sources */ = {
			isa = PBXSourcesBuildPhase;
			buildActionMask = 2147483647;
			files = (
				6E21C32F1C13350300133981 /* Disrupt_Sky_TVTests.swift in Sources */,
			);
			runOnlyForDeploymentPostprocessing = 0;
		};
		6E21C3311C13350300133981 /* Sources */ = {
			isa = PBXSourcesBuildPhase;
			buildActionMask = 2147483647;
			files = (
				6E21C33A1C13350400133981 /* Disrupt_Sky_TVUITests.swift in Sources */,
			);
			runOnlyForDeploymentPostprocessing = 0;
		};
/* End PBXSourcesBuildPhase section */

/* Begin PBXTargetDependency section */
		6E21C32C1C13350300133981 /* PBXTargetDependency */ = {
			isa = PBXTargetDependency;
			target = 6E21C3151C13350300133981 /* Disrupt Sky TV */;
			targetProxy = 6E21C32B1C13350300133981 /* PBXContainerItemProxy */;
		};
		6E21C3371C13350400133981 /* PBXTargetDependency */ = {
			isa = PBXTargetDependency;
			target = 6E21C3151C13350300133981 /* Disrupt Sky TV */;
			targetProxy = 6E21C3361C13350400133981 /* PBXContainerItemProxy */;
		};
/* End PBXTargetDependency section */

/* Begin PBXVariantGroup section */
		6E21C31D1C13350300133981 /* Main.storyboard */ = {
			isa = PBXVariantGroup;
			children = (
				6E21C31E1C13350300133981 /* Base */,
			);
			name = Main.storyboard;
			sourceTree = "<group>";
		};
		6E21C3221C13350300133981 /* LaunchScreen.storyboard */ = {
			isa = PBXVariantGroup;
			children = (
				6E21C3231C13350300133981 /* Base */,
			);
			name = LaunchScreen.storyboard;
			sourceTree = "<group>";
		};
/* End PBXVariantGroup section */

/* Begin XCBuildConfiguration section */
		6E21C33C1C13350400133981 /* Debug */ = {
			isa = XCBuildConfiguration;
			buildSettings = {
				ALWAYS_SEARCH_USER_PATHS = NO;
				CLANG_CXX_LANGUAGE_STANDARD = "gnu++0x";
				CLANG_CXX_LIBRARY = "libc++";
				CLANG_ENABLE_MODULES = YES;
				CLANG_ENABLE_OBJC_ARC = YES;
				CLANG_WARN_BOOL_CONVERSION = YES;
				CLANG_WARN_CONSTANT_CONVERSION = YES;
				CLANG_WARN_DIRECT_OBJC_ISA_USAGE = YES_ERROR;
				CLANG_WARN_EMPTY_BODY = YES;
				CLANG_WARN_ENUM_CONVERSION = YES;
				CLANG_WARN_INT_CONVERSION = YES;
				CLANG_WARN_OBJC_ROOT_CLASS = YES_ERROR;
				CLANG_WARN_UNREACHABLE_CODE = YES;
				CLANG_WARN__DUPLICATE_METHOD_MATCH = YES;
				"CODE_SIGN_IDENTITY[sdk=iphoneos*]" = "iPhone Developer";
				COPY_PHASE_STRIP = NO;
				DEBUG_INFORMATION_FORMAT = dwarf;
				ENABLE_STRICT_OBJC_MSGSEND = YES;
				ENABLE_TESTABILITY = YES;
				GCC_C_LANGUAGE_STANDARD = gnu99;
				GCC_DYNAMIC_NO_PIC = NO;
				GCC_NO_COMMON_BLOCKS = YES;
				GCC_OPTIMIZATION_LEVEL = 0;
				GCC_PREPROCESSOR_DEFINITIONS = (
					"DEBUG=1",
					"$(inherited)",
				);
				GCC_WARN_64_TO_32_BIT_CONVERSION = YES;
				GCC_WARN_ABOUT_RETURN_TYPE = YES_ERROR;
				GCC_WARN_UNDECLARED_SELECTOR = YES;
				GCC_WARN_UNINITIALIZED_AUTOS = YES_AGGRESSIVE;
				GCC_WARN_UNUSED_FUNCTION = YES;
				GCC_WARN_UNUSED_VARIABLE = YES;
				IPHONEOS_DEPLOYMENT_TARGET = 9.1;
				MTL_ENABLE_DEBUG_INFO = YES;
				ONLY_ACTIVE_ARCH = YES;
				SDKROOT = iphoneos;
				SWIFT_OPTIMIZATION_LEVEL = "-Onone";
				TARGETED_DEVICE_FAMILY = 2;
			};
			name = Debug;
		};
		6E21C33D1C13350400133981 /* Release */ = {
			isa = XCBuildConfiguration;
			buildSettings = {
				ALWAYS_SEARCH_USER_PATHS = NO;
				CLANG_CXX_LANGUAGE_STANDARD = "gnu++0x";
				CLANG_CXX_LIBRARY = "libc++";
				CLANG_ENABLE_MODULES = YES;
				CLANG_ENABLE_OBJC_ARC = YES;
				CLANG_WARN_BOOL_CONVERSION = YES;
				CLANG_WARN_CONSTANT_CONVERSION = YES;
				CLANG_WARN_DIRECT_OBJC_ISA_USAGE = YES_ERROR;
				CLANG_WARN_EMPTY_BODY = YES;
				CLANG_WARN_ENUM_CONVERSION = YES;
				CLANG_WARN_INT_CONVERSION = YES;
				CLANG_WARN_OBJC_ROOT_CLASS = YES_ERROR;
				CLANG_WARN_UNREACHABLE_CODE = YES;
				CLANG_WARN__DUPLICATE_METHOD_MATCH = YES;
				"CODE_SIGN_IDENTITY[sdk=iphoneos*]" = "iPhone Developer";
				COPY_PHASE_STRIP = NO;
				DEBUG_INFORMATION_FORMAT = "dwarf-with-dsym";
				ENABLE_NS_ASSERTIONS = NO;
				ENABLE_STRICT_OBJC_MSGSEND = YES;
				GCC_C_LANGUAGE_STANDARD = gnu99;
				GCC_NO_COMMON_BLOCKS = YES;
				GCC_WARN_64_TO_32_BIT_CONVERSION = YES;
				GCC_WARN_ABOUT_RETURN_TYPE = YES_ERROR;
				GCC_WARN_UNDECLARED_SELECTOR = YES;
				GCC_WARN_UNINITIALIZED_AUTOS = YES_AGGRESSIVE;
				GCC_WARN_UNUSED_FUNCTION = YES;
				GCC_WARN_UNUSED_VARIABLE = YES;
				IPHONEOS_DEPLOYMENT_TARGET = 9.1;
				MTL_ENABLE_DEBUG_INFO = NO;
				SDKROOT = iphoneos;
				TARGETED_DEVICE_FAMILY = 2;
				VALIDATE_PRODUCT = YES;
			};
			name = Release;
		};
		6E21C33F1C13350400133981 /* Debug */ = {
			isa = XCBuildConfiguration;
			buildSettings = {
				ASSETCATALOG_COMPILER_APPICON_NAME = AppIcon;
				CLANG_ENABLE_MODULES = YES;
				DEFINES_MODULE = YES;
				INFOPLIST_FILE = "Disrupt Sky TV/Info.plist";
				IPHONEOS_DEPLOYMENT_TARGET = 8.0;
				LD_RUNPATH_SEARCH_PATHS = "$(inherited) @executable_path/Frameworks";
				PRODUCT_BUNDLE_IDENTIFIER = "com.AndrewWalker.Disrupt-Sky-TV";
				PRODUCT_NAME = "$(TARGET_NAME)";
				SWIFT_OBJC_BRIDGING_HEADER = "Disrupt Sky TV-Bridging-Header.h";
				SWIFT_OPTIMIZATION_LEVEL = "-Onone";
				TARGETED_DEVICE_FAMILY = 1;
			};
			name = Debug;
		};
		6E21C3401C13350400133981 /* Release */ = {
			isa = XCBuildConfiguration;
			buildSettings = {
				ASSETCATALOG_COMPILER_APPICON_NAME = AppIcon;
				CLANG_ENABLE_MODULES = YES;
				DEFINES_MODULE = YES;
				INFOPLIST_FILE = "Disrupt Sky TV/Info.plist";
				IPHONEOS_DEPLOYMENT_TARGET = 8.0;
				LD_RUNPATH_SEARCH_PATHS = "$(inherited) @executable_path/Frameworks";
				PRODUCT_BUNDLE_IDENTIFIER = "com.AndrewWalker.Disrupt-Sky-TV";
				PRODUCT_NAME = "$(TARGET_NAME)";
				SWIFT_OBJC_BRIDGING_HEADER = "Disrupt Sky TV-Bridging-Header.h";
				TARGETED_DEVICE_FAMILY = 1;
			};
			name = Release;
		};
		6E21C3421C13350400133981 /* Debug */ = {
			isa = XCBuildConfiguration;
			buildSettings = {
				BUNDLE_LOADER = "$(TEST_HOST)";
				INFOPLIST_FILE = "Disrupt Sky TVTests/Info.plist";
				LD_RUNPATH_SEARCH_PATHS = "$(inherited) @executable_path/Frameworks @loader_path/Frameworks";
				PRODUCT_BUNDLE_IDENTIFIER = "com.AndrewWalker.Disrupt-Sky-TVTests";
				PRODUCT_NAME = "$(TARGET_NAME)";
				TEST_HOST = "$(BUILT_PRODUCTS_DIR)/Disrupt Sky TV.app/Disrupt Sky TV";
			};
			name = Debug;
		};
		6E21C3431C13350400133981 /* Release */ = {
			isa = XCBuildConfiguration;
			buildSettings = {
				BUNDLE_LOADER = "$(TEST_HOST)";
				INFOPLIST_FILE = "Disrupt Sky TVTests/Info.plist";
				LD_RUNPATH_SEARCH_PATHS = "$(inherited) @executable_path/Frameworks @loader_path/Frameworks";
				PRODUCT_BUNDLE_IDENTIFIER = "com.AndrewWalker.Disrupt-Sky-TVTests";
				PRODUCT_NAME = "$(TARGET_NAME)";
				TEST_HOST = "$(BUILT_PRODUCTS_DIR)/Disrupt Sky TV.app/Disrupt Sky TV";
			};
			name = Release;
		};
		6E21C3451C13350400133981 /* Debug */ = {
			isa = XCBuildConfiguration;
			buildSettings = {
				INFOPLIST_FILE = "Disrupt Sky TVUITests/Info.plist";
				LD_RUNPATH_SEARCH_PATHS = "$(inherited) @executable_path/Frameworks @loader_path/Frameworks";
				PRODUCT_BUNDLE_IDENTIFIER = "com.AndrewWalker.Disrupt-Sky-TVUITests";
				PRODUCT_NAME = "$(TARGET_NAME)";
				TEST_TARGET_NAME = "Disrupt Sky TV";
				USES_XCTRUNNER = YES;
			};
			name = Debug;
		};
		6E21C3461C13350400133981 /* Release */ = {
			isa = XCBuildConfiguration;
			buildSettings = {
				INFOPLIST_FILE = "Disrupt Sky TVUITests/Info.plist";
				LD_RUNPATH_SEARCH_PATHS = "$(inherited) @executable_path/Frameworks @loader_path/Frameworks";
				PRODUCT_BUNDLE_IDENTIFIER = "com.AndrewWalker.Disrupt-Sky-TVUITests";
				PRODUCT_NAME = "$(TARGET_NAME)";
				TEST_TARGET_NAME = "Disrupt Sky TV";
				USES_XCTRUNNER = YES;
			};
			name = Release;
		};
/* End XCBuildConfiguration section */

/* Begin XCConfigurationList section */
		6E21C3111C13350300133981 /* Build configuration list for PBXProject "Disrupt Sky TV" */ = {
			isa = XCConfigurationList;
			buildConfigurations = (
				6E21C33C1C13350400133981 /* Debug */,
				6E21C33D1C13350400133981 /* Release */,
			);
			defaultConfigurationIsVisible = 0;
			defaultConfigurationName = Release;
		};
		6E21C33E1C13350400133981 /* Build configuration list for PBXNativeTarget "Disrupt Sky TV" */ = {
			isa = XCConfigurationList;
			buildConfigurations = (
				6E21C33F1C13350400133981 /* Debug */,
				6E21C3401C13350400133981 /* Release */,
			);
			defaultConfigurationIsVisible = 0;
			defaultConfigurationName = Release;
		};
		6E21C3411C13350400133981 /* Build configuration list for PBXNativeTarget "Disrupt Sky TVTests" */ = {
			isa = XCConfigurationList;
			buildConfigurations = (
				6E21C3421C13350400133981 /* Debug */,
				6E21C3431C13350400133981 /* Release */,
			);
			defaultConfigurationIsVisible = 0;
			defaultConfigurationName = Release;
		};
		6E21C3441C13350400133981 /* Build configuration list for PBXNativeTarget "Disrupt Sky TVUITests" */ = {
			isa = XCConfigurationList;
			buildConfigurations = (
				6E21C3451C13350400133981 /* Debug */,
				6E21C3461C13350400133981 /* Release */,
			);
			defaultConfigurationIsVisible = 0;
			defaultConfigurationName = Release;
		};
/* End XCConfigurationList section */
	};
	rootObject = 6E21C30E1C13350300133981 /* Project object */;
}
